
Microsoft Visual Studio Solution File, Format Version 12.00
# Visual Studio Version 16
VisualStudioVersion = 16.0.31624.102
MinimumVisualStudioVersion = 10.0.40219.1
Project("{FAE04EC0-301F-11D3-BF4B-00C04F79EFBC}") = "Test", "Test\Test.csproj", "{A48E49D5-FA1A-4B81-9FD8-84A66D861CCF}"
EndProject
Project("{FAE04EC0-301F-11D3-BF4B-00C04F79EFBC}") = "TetrisGA", "TetrisGA\TetrisGA.csproj", "{8CD30CB6-B3AA-4D2C-B943-7D49C428E7D0}"
EndProject
Project("{FAE04EC0-301F-11D3-BF4B-00C04F79EFBC}") = "Tetris", "Tetris\Tetris.csproj", "{9195F923-2F4B-451B-9708-11E857140630}"
EndProject
Global
	GlobalSection(SolutionConfigurationPlatforms) = preSolution
		Debug|Any CPU = Debug|Any CPU
		Release|Any CPU = Release|Any CPU
	EndGlobalSection
	GlobalSection(ProjectConfigurationPlatforms) = postSolution
		{A48E49D5-FA1A-4B81-9FD8-84A66D861CCF}.Debug|Any CPU.ActiveCfg = Debug|Any CPU
		{A48E49D5-FA1A-4B81-9FD8-84A66D861CCF}.Debug|Any CPU.Build.0 = Debug|Any CPU
		{A48E49D5-FA1A-4B81-9FD8-84A66D861CCF}.Release|Any CPU.ActiveCfg = Release|Any CPU
		{A48E49D5-FA1A-4B81-9FD8-84A66D861CCF}.Release|Any CPU.Build.0 = Release|Any CPU
		{8CD30CB6-B3AA-4D2C-B943-7D49C428E7D0}.Debug|Any CPU.ActiveCfg = Debug|Any CPU
		{8CD30CB6-B3AA-4D2C-B943-7D49C428E7D0}.Debug|Any CPU.Build.0 = Debug|Any CPU
		{8CD30CB6-B3AA-4D2C-B943-7D49C428E7D0}.Release|Any CPU.ActiveCfg = Release|Any CPU
		{8CD30CB6-B3AA-4D2C-B943-7D49C428E7D0}.Release|Any CPU.Build.0 = Release|Any CPU
		{9195F923-2F4B-451B-9708-11E857140630}.Debug|Any CPU.ActiveCfg = Debug|Any CPU
		{9195F923-2F4B-451B-9708-11E857140630}.Debug|Any CPU.Build.0 = Debug|Any CPU
		{9195F923-2F4B-451B-9708-11E857140630}.Release|Any CPU.ActiveCfg = Release|Any CPU
		{9195F923-2F4B-451B-9708-11E857140630}.Release|Any CPU.Build.0 = Release|Any CPU
	EndGlobalSection
	GlobalSection(SolutionProperties) = preSolution
		HideSolutionNode = FALSE
	EndGlobalSection
	GlobalSection(ExtensibilityGlobals) = postSolution
		SolutionGuid = {DDC1B6F5-543A-4C8F-BB35-4B46CBC99639}
	EndGlobalSection
EndGlobal
